// !$*UTF8*$!
{
	archiveVersion = 1;
	classes = {
	};
	objectVersion = 55;
	objects = {

/* Begin PBXBuildFile section */
		051D35C4DDE47C382B4D6DD8 /* Pods_ProjectTests.framework in Frameworks */ = {isa = PBXBuildFile; fileRef = AECB2CA0A81D30143160FE7F /* Pods_ProjectTests.framework */; };
		0C8DEFC22924D61100EABC46 /* MyChatTableViewCell.swift in Sources */ = {isa = PBXBuildFile; fileRef = 0C8DEFC12924D61100EABC46 /* MyChatTableViewCell.swift */; };
		0C8DEFC42924D63900EABC46 /* FriendChatTableViewCell.swift in Sources */ = {isa = PBXBuildFile; fileRef = 0C8DEFC32924D63900EABC46 /* FriendChatTableViewCell.swift */; };
		0C8DEFC62924EB7F00EABC46 /* ListChatTableViewCell.swift in Sources */ = {isa = PBXBuildFile; fileRef = 0C8DEFC52924EB7F00EABC46 /* ListChatTableViewCell.swift */; };
		0C953CCE29178928001584F2 /* RegisterController.swift in Sources */ = {isa = PBXBuildFile; fileRef = 0C953CCD29178928001584F2 /* RegisterController.swift */; };
		0C953CD1291789DF001584F2 /* Struct.swift in Sources */ = {isa = PBXBuildFile; fileRef = 0C953CD0291789DF001584F2 /* Struct.swift */; };
		0C953CD329178BA0001584F2 /* Extension.swift in Sources */ = {isa = PBXBuildFile; fileRef = 0C953CD229178BA0001584F2 /* Extension.swift */; };
		0C965B882923951D008F82E4 /* ListFriendTableViewCell.swift in Sources */ = {isa = PBXBuildFile; fileRef = 0C965B872923951D008F82E4 /* ListFriendTableViewCell.swift */; };
		0C9BA2442935F52600E94011 /* ForgotPasswordController.swift in Sources */ = {isa = PBXBuildFile; fileRef = 0C9BA2432935F52600E94011 /* ForgotPasswordController.swift */; };
		0C9C1D32292496CB00C50D59 /* ChatController.swift in Sources */ = {isa = PBXBuildFile; fileRef = 0C9C1D31292496CB00C50D59 /* ChatController.swift */; };
		0C9C78AC291648910021D0E3 /* AppDelegate.swift in Sources */ = {isa = PBXBuildFile; fileRef = 0C9C78AB291648910021D0E3 /* AppDelegate.swift */; };
		0C9C78AE291648910021D0E3 /* SceneDelegate.swift in Sources */ = {isa = PBXBuildFile; fileRef = 0C9C78AD291648910021D0E3 /* SceneDelegate.swift */; };
		0C9C78B0291648910021D0E3 /* ViewController.swift in Sources */ = {isa = PBXBuildFile; fileRef = 0C9C78AF291648910021D0E3 /* ViewController.swift */; };
		0C9C78B3291648910021D0E3 /* Main.storyboard in Resources */ = {isa = PBXBuildFile; fileRef = 0C9C78B1291648910021D0E3 /* Main.storyboard */; };
		0C9C78B5291648930021D0E3 /* Assets.xcassets in Resources */ = {isa = PBXBuildFile; fileRef = 0C9C78B4291648930021D0E3 /* Assets.xcassets */; };
		0C9C78B8291648930021D0E3 /* LaunchScreen.storyboard in Resources */ = {isa = PBXBuildFile; fileRef = 0C9C78B6291648930021D0E3 /* LaunchScreen.storyboard */; };
		0C9C78C3291648930021D0E3 /* ProjectTests.swift in Sources */ = {isa = PBXBuildFile; fileRef = 0C9C78C2291648930021D0E3 /* ProjectTests.swift */; };
		0C9C78CD291648930021D0E3 /* ProjectUITests.swift in Sources */ = {isa = PBXBuildFile; fileRef = 0C9C78CC291648930021D0E3 /* ProjectUITests.swift */; };
		0C9C78CF291648930021D0E3 /* ProjectUITestsLaunchTests.swift in Sources */ = {isa = PBXBuildFile; fileRef = 0C9C78CE291648930021D0E3 /* ProjectUITestsLaunchTests.swift */; };
		0C9E80272923800500D957C3 /* GoogleService-Info.plist in Resources */ = {isa = PBXBuildFile; fileRef = 0C9E80262923800500D957C3 /* GoogleService-Info.plist */; };
		0C9FBF9E2941B930003B78FC /* ChangePasswordController.swift in Sources */ = {isa = PBXBuildFile; fileRef = 0C9FBF9D2941B930003B78FC /* ChangePasswordController.swift */; };
		0CA042C5292CFCC700817D00 /* ProfileController.swift in Sources */ = {isa = PBXBuildFile; fileRef = 0CA042C4292CFCC700817D00 /* ProfileController.swift */; };
		0CAB187429222F28007BABD6 /* ListFriendController.swift in Sources */ = {isa = PBXBuildFile; fileRef = 0CAB187329222F28007BABD6 /* ListFriendController.swift */; };
		0CAB187629223DEC007BABD6 /* ListChatController.swift in Sources */ = {isa = PBXBuildFile; fileRef = 0CAB187529223DEC007BABD6 /* ListChatController.swift */; };
		8A7EDE97E34C5BA362C43ADC /* Pods_Project.framework in Frameworks */ = {isa = PBXBuildFile; fileRef = 8693F3E22E38FF807DE419EA /* Pods_Project.framework */; };
		DE42B157A309A77706E36A14 /* Pods_Project_ProjectUITests.framework in Frameworks */ = {isa = PBXBuildFile; fileRef = 00D797B8B2C7E373970E5FC3 /* Pods_Project_ProjectUITests.framework */; };
/* End PBXBuildFile section */

/* Begin PBXContainerItemProxy section */
		0C9C78BF291648930021D0E3 /* PBXContainerItemProxy */ = {
			isa = PBXContainerItemProxy;
			containerPortal = 0C9C78A0291648910021D0E3 /* Project object */;
			proxyType = 1;
			remoteGlobalIDString = 0C9C78A7291648910021D0E3;
			remoteInfo = Project;
		};
		0C9C78C9291648930021D0E3 /* PBXContainerItemProxy */ = {
			isa = PBXContainerItemProxy;
			containerPortal = 0C9C78A0291648910021D0E3 /* Project object */;
			proxyType = 1;
			remoteGlobalIDString = 0C9C78A7291648910021D0E3;
			remoteInfo = Project;
		};
/* End PBXContainerItemProxy section */

/* Begin PBXFileReference section */
		00D797B8B2C7E373970E5FC3 /* Pods_Project_ProjectUITests.framework */ = {isa = PBXFileReference; explicitFileType = wrapper.framework; includeInIndex = 0; path = Pods_Project_ProjectUITests.framework; sourceTree = BUILT_PRODUCTS_DIR; };
		0C8DEFC12924D61100EABC46 /* MyChatTableViewCell.swift */ = {isa = PBXFileReference; lastKnownFileType = sourcecode.swift; path = MyChatTableViewCell.swift; sourceTree = "<group>"; };
		0C8DEFC32924D63900EABC46 /* FriendChatTableViewCell.swift */ = {isa = PBXFileReference; lastKnownFileType = sourcecode.swift; path = FriendChatTableViewCell.swift; sourceTree = "<group>"; };
		0C8DEFC52924EB7F00EABC46 /* ListChatTableViewCell.swift */ = {isa = PBXFileReference; lastKnownFileType = sourcecode.swift; path = ListChatTableViewCell.swift; sourceTree = "<group>"; };
		0C953CCD29178928001584F2 /* RegisterController.swift */ = {isa = PBXFileReference; lastKnownFileType = sourcecode.swift; path = RegisterController.swift; sourceTree = "<group>"; };
		0C953CD0291789DF001584F2 /* Struct.swift */ = {isa = PBXFileReference; lastKnownFileType = sourcecode.swift; path = Struct.swift; sourceTree = "<group>"; };
		0C953CD229178BA0001584F2 /* Extension.swift */ = {isa = PBXFileReference; lastKnownFileType = sourcecode.swift; path = Extension.swift; sourceTree = "<group>"; };
		0C965B872923951D008F82E4 /* ListFriendTableViewCell.swift */ = {isa = PBXFileReference; lastKnownFileType = sourcecode.swift; path = ListFriendTableViewCell.swift; sourceTree = "<group>"; };
		0C9BA2432935F52600E94011 /* ForgotPasswordController.swift */ = {isa = PBXFileReference; lastKnownFileType = sourcecode.swift; path = ForgotPasswordController.swift; sourceTree = "<group>"; };
		0C9C1D31292496CB00C50D59 /* ChatController.swift */ = {isa = PBXFileReference; lastKnownFileType = sourcecode.swift; path = ChatController.swift; sourceTree = "<group>"; };
		0C9C78A8291648910021D0E3 /* Project.app */ = {isa = PBXFileReference; explicitFileType = wrapper.application; includeInIndex = 0; path = Project.app; sourceTree = BUILT_PRODUCTS_DIR; };
		0C9C78AB291648910021D0E3 /* AppDelegate.swift */ = {isa = PBXFileReference; lastKnownFileType = sourcecode.swift; path = AppDelegate.swift; sourceTree = "<group>"; };
		0C9C78AD291648910021D0E3 /* SceneDelegate.swift */ = {isa = PBXFileReference; lastKnownFileType = sourcecode.swift; path = SceneDelegate.swift; sourceTree = "<group>"; };
		0C9C78AF291648910021D0E3 /* ViewController.swift */ = {isa = PBXFileReference; lastKnownFileType = sourcecode.swift; path = ViewController.swift; sourceTree = "<group>"; };
		0C9C78B2291648910021D0E3 /* Base */ = {isa = PBXFileReference; lastKnownFileType = file.storyboard; name = Base; path = Base.lproj/Main.storyboard; sourceTree = "<group>"; };
		0C9C78B4291648930021D0E3 /* Assets.xcassets */ = {isa = PBXFileReference; lastKnownFileType = folder.assetcatalog; path = Assets.xcassets; sourceTree = "<group>"; };
		0C9C78B7291648930021D0E3 /* Base */ = {isa = PBXFileReference; lastKnownFileType = file.storyboard; name = Base; path = Base.lproj/LaunchScreen.storyboard; sourceTree = "<group>"; };
		0C9C78B9291648930021D0E3 /* Info.plist */ = {isa = PBXFileReference; lastKnownFileType = text.plist.xml; path = Info.plist; sourceTree = "<group>"; };
		0C9C78BE291648930021D0E3 /* ProjectTests.xctest */ = {isa = PBXFileReference; explicitFileType = wrapper.cfbundle; includeInIndex = 0; path = ProjectTests.xctest; sourceTree = BUILT_PRODUCTS_DIR; };
		0C9C78C2291648930021D0E3 /* ProjectTests.swift */ = {isa = PBXFileReference; lastKnownFileType = sourcecode.swift; path = ProjectTests.swift; sourceTree = "<group>"; };
		0C9C78C8291648930021D0E3 /* ProjectUITests.xctest */ = {isa = PBXFileReference; explicitFileType = wrapper.cfbundle; includeInIndex = 0; path = ProjectUITests.xctest; sourceTree = BUILT_PRODUCTS_DIR; };
		0C9C78CC291648930021D0E3 /* ProjectUITests.swift */ = {isa = PBXFileReference; lastKnownFileType = sourcecode.swift; path = ProjectUITests.swift; sourceTree = "<group>"; };
		0C9C78CE291648930021D0E3 /* ProjectUITestsLaunchTests.swift */ = {isa = PBXFileReference; lastKnownFileType = sourcecode.swift; path = ProjectUITestsLaunchTests.swift; sourceTree = "<group>"; };
		0C9E80262923800500D957C3 /* GoogleService-Info.plist */ = {isa = PBXFileReference; fileEncoding = 4; lastKnownFileType = text.plist.xml; path = "GoogleService-Info.plist"; sourceTree = "<group>"; };
		0C9FBF9D2941B930003B78FC /* ChangePasswordController.swift */ = {isa = PBXFileReference; lastKnownFileType = sourcecode.swift; path = ChangePasswordController.swift; sourceTree = "<group>"; };
		0CA042C4292CFCC700817D00 /* ProfileController.swift */ = {isa = PBXFileReference; lastKnownFileType = sourcecode.swift; path = ProfileController.swift; sourceTree = "<group>"; };
		0CAB187329222F28007BABD6 /* ListFriendController.swift */ = {isa = PBXFileReference; fileEncoding = 4; lastKnownFileType = sourcecode.swift; path = ListFriendController.swift; sourceTree = "<group>"; };
		0CAB187529223DEC007BABD6 /* ListChatController.swift */ = {isa = PBXFileReference; lastKnownFileType = sourcecode.swift; path = ListChatController.swift; sourceTree = "<group>"; };
		1BEF72C5A63EC381179EE994 /* Pods-Project.debug.xcconfig */ = {isa = PBXFileReference; includeInIndex = 1; lastKnownFileType = text.xcconfig; name = "Pods-Project.debug.xcconfig"; path = "Target Support Files/Pods-Project/Pods-Project.debug.xcconfig"; sourceTree = "<group>"; };
		4D32537EE9AB9693BB6378D0 /* Pods-ProjectTests.debug.xcconfig */ = {isa = PBXFileReference; includeInIndex = 1; lastKnownFileType = text.xcconfig; name = "Pods-ProjectTests.debug.xcconfig"; path = "Target Support Files/Pods-ProjectTests/Pods-ProjectTests.debug.xcconfig"; sourceTree = "<group>"; };
		73585B638D1D349F79E830FB /* Pods-ProjectTests.release.xcconfig */ = {isa = PBXFileReference; includeInIndex = 1; lastKnownFileType = text.xcconfig; name = "Pods-ProjectTests.release.xcconfig"; path = "Target Support Files/Pods-ProjectTests/Pods-ProjectTests.release.xcconfig"; sourceTree = "<group>"; };
		8693F3E22E38FF807DE419EA /* Pods_Project.framework */ = {isa = PBXFileReference; explicitFileType = wrapper.framework; includeInIndex = 0; path = Pods_Project.framework; sourceTree = BUILT_PRODUCTS_DIR; };
		AECB2CA0A81D30143160FE7F /* Pods_ProjectTests.framework */ = {isa = PBXFileReference; explicitFileType = wrapper.framework; includeInIndex = 0; path = Pods_ProjectTests.framework; sourceTree = BUILT_PRODUCTS_DIR; };
		E302E771CA6F2A6BE8B5FFDE /* Pods-Project-ProjectUITests.release.xcconfig */ = {isa = PBXFileReference; includeInIndex = 1; lastKnownFileType = text.xcconfig; name = "Pods-Project-ProjectUITests.release.xcconfig"; path = "Target Support Files/Pods-Project-ProjectUITests/Pods-Project-ProjectUITests.release.xcconfig"; sourceTree = "<group>"; };
		E815392B021059024419F0B2 /* Pods-Project-ProjectUITests.debug.xcconfig */ = {isa = PBXFileReference; includeInIndex = 1; lastKnownFileType = text.xcconfig; name = "Pods-Project-ProjectUITests.debug.xcconfig"; path = "Target Support Files/Pods-Project-ProjectUITests/Pods-Project-ProjectUITests.debug.xcconfig"; sourceTree = "<group>"; };
		F591F2FD6CB5DDF7B834C2F5 /* Pods-Project.release.xcconfig */ = {isa = PBXFileReference; includeInIndex = 1; lastKnownFileType = text.xcconfig; name = "Pods-Project.release.xcconfig"; path = "Target Support Files/Pods-Project/Pods-Project.release.xcconfig"; sourceTree = "<group>"; };
/* End PBXFileReference section */

/* Begin PBXFrameworksBuildPhase section */
		0C9C78A5291648910021D0E3 /* Frameworks */ = {
			isa = PBXFrameworksBuildPhase;
			buildActionMask = 2147483647;
			files = (
				8A7EDE97E34C5BA362C43ADC /* Pods_Project.framework in Frameworks */,
			);
			runOnlyForDeploymentPostprocessing = 0;
		};
		0C9C78BB291648930021D0E3 /* Frameworks */ = {
			isa = PBXFrameworksBuildPhase;
			buildActionMask = 2147483647;
			files = (
				051D35C4DDE47C382B4D6DD8 /* Pods_ProjectTests.framework in Frameworks */,
			);
			runOnlyForDeploymentPostprocessing = 0;
		};
		0C9C78C5291648930021D0E3 /* Frameworks */ = {
			isa = PBXFrameworksBuildPhase;
			buildActionMask = 2147483647;
			files = (
				DE42B157A309A77706E36A14 /* Pods_Project_ProjectUITests.framework in Frameworks */,
			);
			runOnlyForDeploymentPostprocessing = 0;
		};
/* End PBXFrameworksBuildPhase section */

/* Begin PBXGroup section */
		07716689EBBAD4C92C92A699 /* Pods */ = {
			isa = PBXGroup;
			children = (
				1BEF72C5A63EC381179EE994 /* Pods-Project.debug.xcconfig */,
				F591F2FD6CB5DDF7B834C2F5 /* Pods-Project.release.xcconfig */,
				E815392B021059024419F0B2 /* Pods-Project-ProjectUITests.debug.xcconfig */,
				E302E771CA6F2A6BE8B5FFDE /* Pods-Project-ProjectUITests.release.xcconfig */,
				4D32537EE9AB9693BB6378D0 /* Pods-ProjectTests.debug.xcconfig */,
				73585B638D1D349F79E830FB /* Pods-ProjectTests.release.xcconfig */,
			);
			path = Pods;
			sourceTree = "<group>";
		};
		0C953CCF291789CA001584F2 /* Struct */ = {
			isa = PBXGroup;
			children = (
				0C953CD0291789DF001584F2 /* Struct.swift */,
				0C953CD229178BA0001584F2 /* Extension.swift */,
			);
			path = Struct;
			sourceTree = "<group>";
		};
		0C965B86292394FF008F82E4 /* View */ = {
			isa = PBXGroup;
			children = (
				0C965B872923951D008F82E4 /* ListFriendTableViewCell.swift */,
				0C8DEFC12924D61100EABC46 /* MyChatTableViewCell.swift */,
				0C8DEFC32924D63900EABC46 /* FriendChatTableViewCell.swift */,
				0C8DEFC52924EB7F00EABC46 /* ListChatTableViewCell.swift */,
			);
			path = View;
			sourceTree = "<group>";
		};
		0C9C789F291648910021D0E3 = {
			isa = PBXGroup;
			children = (
				0C9C78AA291648910021D0E3 /* Project */,
				0C9C78C1291648930021D0E3 /* ProjectTests */,
				0C9C78CB291648930021D0E3 /* ProjectUITests */,
				0C9C78A9291648910021D0E3 /* Products */,
				07716689EBBAD4C92C92A699 /* Pods */,
				8826724618FE1E7D2911157E /* Frameworks */,
			);
			sourceTree = "<group>";
		};
		0C9C78A9291648910021D0E3 /* Products */ = {
			isa = PBXGroup;
			children = (
				0C9C78A8291648910021D0E3 /* Project.app */,
				0C9C78BE291648930021D0E3 /* ProjectTests.xctest */,
				0C9C78C8291648930021D0E3 /* ProjectUITests.xctest */,
			);
			name = Products;
			sourceTree = "<group>";
		};
		0C9C78AA291648910021D0E3 /* Project */ = {
			isa = PBXGroup;
			children = (
				0C965B86292394FF008F82E4 /* View */,
				0C953CCF291789CA001584F2 /* Struct */,
				0C9C78AB291648910021D0E3 /* AppDelegate.swift */,
				0C9C78AD291648910021D0E3 /* SceneDelegate.swift */,
				0C9C78AF291648910021D0E3 /* ViewController.swift */,
				0C953CCD29178928001584F2 /* RegisterController.swift */,
				0C9C78B1291648910021D0E3 /* Main.storyboard */,
				0C9C78B4291648930021D0E3 /* Assets.xcassets */,
				0C9C78B6291648930021D0E3 /* LaunchScreen.storyboard */,
				0C9C78B9291648930021D0E3 /* Info.plist */,
				0C9E80262923800500D957C3 /* GoogleService-Info.plist */,
				0CA042C4292CFCC700817D00 /* ProfileController.swift */,
				0CAB187329222F28007BABD6 /* ListFriendController.swift */,
				0CAB187529223DEC007BABD6 /* ListChatController.swift */,
				0C9C1D31292496CB00C50D59 /* ChatController.swift */,
				0C9BA2432935F52600E94011 /* ForgotPasswordController.swift */,
				0C9FBF9D2941B930003B78FC /* ChangePasswordController.swift */,
			);
			path = Project;
			sourceTree = "<group>";
		};
		0C9C78C1291648930021D0E3 /* ProjectTests */ = {
			isa = PBXGroup;
			children = (
				0C9C78C2291648930021D0E3 /* ProjectTests.swift */,
			);
			path = ProjectTests;
			sourceTree = "<group>";
		};
		0C9C78CB291648930021D0E3 /* ProjectUITests */ = {
			isa = PBXGroup;
			children = (
				0C9C78CC291648930021D0E3 /* ProjectUITests.swift */,
				0C9C78CE291648930021D0E3 /* ProjectUITestsLaunchTests.swift */,
			);
			path = ProjectUITests;
			sourceTree = "<group>";
		};
		8826724618FE1E7D2911157E /* Frameworks */ = {
			isa = PBXGroup;
			children = (
				8693F3E22E38FF807DE419EA /* Pods_Project.framework */,
				00D797B8B2C7E373970E5FC3 /* Pods_Project_ProjectUITests.framework */,
				AECB2CA0A81D30143160FE7F /* Pods_ProjectTests.framework */,
			);
			name = Frameworks;
			sourceTree = "<group>";
		};
/* End PBXGroup section */

/* Begin PBXNativeTarget section */
		0C9C78A7291648910021D0E3 /* Project */ = {
			isa = PBXNativeTarget;
			buildConfigurationList = 0C9C78D2291648930021D0E3 /* Build configuration list for PBXNativeTarget "Project" */;
			buildPhases = (
				BB583B051F0A6E246950A9D0 /* [CP] Check Pods Manifest.lock */,
				0C9C78A4291648910021D0E3 /* Sources */,
				0C9C78A5291648910021D0E3 /* Frameworks */,
				0C9C78A6291648910021D0E3 /* Resources */,
				2751743ED70DD21AA0100393 /* [CP] Embed Pods Frameworks */,
			);
			buildRules = (
			);
			dependencies = (
			);
			name = Project;
			productName = Project;
			productReference = 0C9C78A8291648910021D0E3 /* Project.app */;
			productType = "com.apple.product-type.application";
		};
		0C9C78BD291648930021D0E3 /* ProjectTests */ = {
			isa = PBXNativeTarget;
			buildConfigurationList = 0C9C78D5291648930021D0E3 /* Build configuration list for PBXNativeTarget "ProjectTests" */;
			buildPhases = (
				6E983B86ABD3481B91F4E6D1 /* [CP] Check Pods Manifest.lock */,
				0C9C78BA291648930021D0E3 /* Sources */,
				0C9C78BB291648930021D0E3 /* Frameworks */,
				0C9C78BC291648930021D0E3 /* Resources */,
			);
			buildRules = (
			);
			dependencies = (
				0C9C78C0291648930021D0E3 /* PBXTargetDependency */,
			);
			name = ProjectTests;
			productName = ProjectTests;
			productReference = 0C9C78BE291648930021D0E3 /* ProjectTests.xctest */;
			productType = "com.apple.product-type.bundle.unit-test";
		};
		0C9C78C7291648930021D0E3 /* ProjectUITests */ = {
			isa = PBXNativeTarget;
			buildConfigurationList = 0C9C78D8291648930021D0E3 /* Build configuration list for PBXNativeTarget "ProjectUITests" */;
			buildPhases = (
				FF2F1E35CCCD3C51E9A570F9 /* [CP] Check Pods Manifest.lock */,
				0C9C78C4291648930021D0E3 /* Sources */,
				0C9C78C5291648930021D0E3 /* Frameworks */,
				0C9C78C6291648930021D0E3 /* Resources */,
				2059DA88E193B6B2BDE14058 /* [CP] Embed Pods Frameworks */,
			);
			buildRules = (
			);
			dependencies = (
				0C9C78CA291648930021D0E3 /* PBXTargetDependency */,
			);
			name = ProjectUITests;
			productName = ProjectUITests;
			productReference = 0C9C78C8291648930021D0E3 /* ProjectUITests.xctest */;
			productType = "com.apple.product-type.bundle.ui-testing";
		};
/* End PBXNativeTarget section */

/* Begin PBXProject section */
		0C9C78A0291648910021D0E3 /* Project object */ = {
			isa = PBXProject;
			attributes = {
				BuildIndependentTargetsInParallel = 1;
				LastSwiftUpdateCheck = 1340;
				LastUpgradeCheck = 1340;
				TargetAttributes = {
					0C9C78A7291648910021D0E3 = {
						CreatedOnToolsVersion = 13.4.1;
					};
					0C9C78BD291648930021D0E3 = {
						CreatedOnToolsVersion = 13.4.1;
						TestTargetID = 0C9C78A7291648910021D0E3;
					};
					0C9C78C7291648930021D0E3 = {
						CreatedOnToolsVersion = 13.4.1;
						TestTargetID = 0C9C78A7291648910021D0E3;
					};
				};
			};
			buildConfigurationList = 0C9C78A3291648910021D0E3 /* Build configuration list for PBXProject "Project" */;
			compatibilityVersion = "Xcode 13.0";
			developmentRegion = en;
			hasScannedForEncodings = 0;
			knownRegions = (
				en,
				Base,
			);
			mainGroup = 0C9C789F291648910021D0E3;
			productRefGroup = 0C9C78A9291648910021D0E3 /* Products */;
			projectDirPath = "";
			projectRoot = "";
			targets = (
				0C9C78A7291648910021D0E3 /* Project */,
				0C9C78BD291648930021D0E3 /* ProjectTests */,
				0C9C78C7291648930021D0E3 /* ProjectUITests */,
			);
		};
/* End PBXProject section */

/* Begin PBXResourcesBuildPhase section */
		0C9C78A6291648910021D0E3 /* Resources */ = {
			isa = PBXResourcesBuildPhase;
			buildActionMask = 2147483647;
			files = (
				0C9C78B8291648930021D0E3 /* LaunchScreen.storyboard in Resources */,
				0C9E80272923800500D957C3 /* GoogleService-Info.plist in Resources */,
				0C9C78B5291648930021D0E3 /* Assets.xcassets in Resources */,
				0C9C78B3291648910021D0E3 /* Main.storyboard in Resources */,
			);
			runOnlyForDeploymentPostprocessing = 0;
		};
		0C9C78BC291648930021D0E3 /* Resources */ = {
			isa = PBXResourcesBuildPhase;
			buildActionMask = 2147483647;
			files = (
			);
			runOnlyForDeploymentPostprocessing = 0;
		};
		0C9C78C6291648930021D0E3 /* Resources */ = {
			isa = PBXResourcesBuildPhase;
			buildActionMask = 2147483647;
			files = (
			);
			runOnlyForDeploymentPostprocessing = 0;
		};
/* End PBXResourcesBuildPhase section */

/* Begin PBXShellScriptBuildPhase section */
		2059DA88E193B6B2BDE14058 /* [CP] Embed Pods Frameworks */ = {
			isa = PBXShellScriptBuildPhase;
			buildActionMask = 2147483647;
			files = (
			);
			inputFileListPaths = (
				"${PODS_ROOT}/Target Support Files/Pods-Project-ProjectUITests/Pods-Project-ProjectUITests-frameworks-${CONFIGURATION}-input-files.xcfilelist",
			);
			name = "[CP] Embed Pods Frameworks";
			outputFileListPaths = (
				"${PODS_ROOT}/Target Support Files/Pods-Project-ProjectUITests/Pods-Project-ProjectUITests-frameworks-${CONFIGURATION}-output-files.xcfilelist",
			);
			runOnlyForDeploymentPostprocessing = 0;
			shellPath = /bin/sh;
			shellScript = "\"${PODS_ROOT}/Target Support Files/Pods-Project-ProjectUITests/Pods-Project-ProjectUITests-frameworks.sh\"\n";
			showEnvVarsInLog = 0;
		};
		2751743ED70DD21AA0100393 /* [CP] Embed Pods Frameworks */ = {
			isa = PBXShellScriptBuildPhase;
			buildActionMask = 2147483647;
			files = (
			);
			inputFileListPaths = (
				"${PODS_ROOT}/Target Support Files/Pods-Project/Pods-Project-frameworks-${CONFIGURATION}-input-files.xcfilelist",
			);
			name = "[CP] Embed Pods Frameworks";
			outputFileListPaths = (
				"${PODS_ROOT}/Target Support Files/Pods-Project/Pods-Project-frameworks-${CONFIGURATION}-output-files.xcfilelist",
			);
			runOnlyForDeploymentPostprocessing = 0;
			shellPath = /bin/sh;
			shellScript = "\"${PODS_ROOT}/Target Support Files/Pods-Project/Pods-Project-frameworks.sh\"\n";
			showEnvVarsInLog = 0;
		};
		6E983B86ABD3481B91F4E6D1 /* [CP] Check Pods Manifest.lock */ = {
			isa = PBXShellScriptBuildPhase;
			buildActionMask = 2147483647;
			files = (
			);
			inputFileListPaths = (
			);
			inputPaths = (
				"${PODS_PODFILE_DIR_PATH}/Podfile.lock",
				"${PODS_ROOT}/Manifest.lock",
			);
			name = "[CP] Check Pods Manifest.lock";
			outputFileListPaths = (
			);
			outputPaths = (
				"$(DERIVED_FILE_DIR)/Pods-ProjectTests-checkManifestLockResult.txt",
			);
			runOnlyForDeploymentPostprocessing = 0;
			shellPath = /bin/sh;
			shellScript = "diff \"${PODS_PODFILE_DIR_PATH}/Podfile.lock\" \"${PODS_ROOT}/Manifest.lock\" > /dev/null\nif [ $? != 0 ] ; then\n    # print error to STDERR\n    echo \"error: The sandbox is not in sync with the Podfile.lock. Run 'pod install' or update your CocoaPods installation.\" >&2\n    exit 1\nfi\n# This output is used by Xcode 'outputs' to avoid re-running this script phase.\necho \"SUCCESS\" > \"${SCRIPT_OUTPUT_FILE_0}\"\n";
			showEnvVarsInLog = 0;
		};
		BB583B051F0A6E246950A9D0 /* [CP] Check Pods Manifest.lock */ = {
			isa = PBXShellScriptBuildPhase;
			buildActionMask = 2147483647;
			files = (
			);
			inputFileListPaths = (
			);
			inputPaths = (
				"${PODS_PODFILE_DIR_PATH}/Podfile.lock",
				"${PODS_ROOT}/Manifest.lock",
			);
			name = "[CP] Check Pods Manifest.lock";
			outputFileListPaths = (
			);
			outputPaths = (
				"$(DERIVED_FILE_DIR)/Pods-Project-checkManifestLockResult.txt",
			);
			runOnlyForDeploymentPostprocessing = 0;
			shellPath = /bin/sh;
			shellScript = "diff \"${PODS_PODFILE_DIR_PATH}/Podfile.lock\" \"${PODS_ROOT}/Manifest.lock\" > /dev/null\nif [ $? != 0 ] ; then\n    # print error to STDERR\n    echo \"error: The sandbox is not in sync with the Podfile.lock. Run 'pod install' or update your CocoaPods installation.\" >&2\n    exit 1\nfi\n# This output is used by Xcode 'outputs' to avoid re-running this script phase.\necho \"SUCCESS\" > \"${SCRIPT_OUTPUT_FILE_0}\"\n";
			showEnvVarsInLog = 0;
		};
		FF2F1E35CCCD3C51E9A570F9 /* [CP] Check Pods Manifest.lock */ = {
			isa = PBXShellScriptBuildPhase;
			buildActionMask = 2147483647;
			files = (
			);
			inputFileListPaths = (
			);
			inputPaths = (
				"${PODS_PODFILE_DIR_PATH}/Podfile.lock",
				"${PODS_ROOT}/Manifest.lock",
			);
			name = "[CP] Check Pods Manifest.lock";
			outputFileListPaths = (
			);
			outputPaths = (
				"$(DERIVED_FILE_DIR)/Pods-Project-ProjectUITests-checkManifestLockResult.txt",
			);
			runOnlyForDeploymentPostprocessing = 0;
			shellPath = /bin/sh;
			shellScript = "diff \"${PODS_PODFILE_DIR_PATH}/Podfile.lock\" \"${PODS_ROOT}/Manifest.lock\" > /dev/null\nif [ $? != 0 ] ; then\n    # print error to STDERR\n    echo \"error: The sandbox is not in sync with the Podfile.lock. Run 'pod install' or update your CocoaPods installation.\" >&2\n    exit 1\nfi\n# This output is used by Xcode 'outputs' to avoid re-running this script phase.\necho \"SUCCESS\" > \"${SCRIPT_OUTPUT_FILE_0}\"\n";
			showEnvVarsInLog = 0;
		};
/* End PBXShellScriptBuildPhase section */

/* Begin PBXSourcesBuildPhase section */
		0C9C78A4291648910021D0E3 /* Sources */ = {
			isa = PBXSourcesBuildPhase;
			buildActionMask = 2147483647;
			files = (
				0C8DEFC62924EB7F00EABC46 /* ListChatTableViewCell.swift in Sources */,
				0C953CCE29178928001584F2 /* RegisterController.swift in Sources */,
				0C9C78B0291648910021D0E3 /* ViewController.swift in Sources */,
				0CAB187429222F28007BABD6 /* ListFriendController.swift in Sources */,
				0C8DEFC42924D63900EABC46 /* FriendChatTableViewCell.swift in Sources */,
				0C9C1D32292496CB00C50D59 /* ChatController.swift in Sources */,
				0C9FBF9E2941B930003B78FC /* ChangePasswordController.swift in Sources */,
				0C965B882923951D008F82E4 /* ListFriendTableViewCell.swift in Sources */,
				0CA042C5292CFCC700817D00 /* ProfileController.swift in Sources */,
				0CAB187629223DEC007BABD6 /* ListChatController.swift in Sources */,
				0C9C78AC291648910021D0E3 /* AppDelegate.swift in Sources */,
				0C9BA2442935F52600E94011 /* ForgotPasswordController.swift in Sources */,
				0C8DEFC22924D61100EABC46 /* MyChatTableViewCell.swift in Sources */,
				0C953CD329178BA0001584F2 /* Extension.swift in Sources */,
				0C953CD1291789DF001584F2 /* Struct.swift in Sources */,
				0C9C78AE291648910021D0E3 /* SceneDelegate.swift in Sources */,
			);
			runOnlyForDeploymentPostprocessing = 0;
		};
		0C9C78BA291648930021D0E3 /* Sources */ = {
			isa = PBXSourcesBuildPhase;
			buildActionMask = 2147483647;
			files = (
				0C9C78C3291648930021D0E3 /* ProjectTests.swift in Sources */,
			);
			runOnlyForDeploymentPostprocessing = 0;
		};
		0C9C78C4291648930021D0E3 /* Sources */ = {
			isa = PBXSourcesBuildPhase;
			buildActionMask = 2147483647;
			files = (
				0C9C78CF291648930021D0E3 /* ProjectUITestsLaunchTests.swift in Sources */,
				0C9C78CD291648930021D0E3 /* ProjectUITests.swift in Sources */,
			);
			runOnlyForDeploymentPostprocessing = 0;
		};
/* End PBXSourcesBuildPhase section */

/* Begin PBXTargetDependency section */
		0C9C78C0291648930021D0E3 /* PBXTargetDependency */ = {
			isa = PBXTargetDependency;
			target = 0C9C78A7291648910021D0E3 /* Project */;
			targetProxy = 0C9C78BF291648930021D0E3 /* PBXContainerItemProxy */;
		};
		0C9C78CA291648930021D0E3 /* PBXTargetDependency */ = {
			isa = PBXTargetDependency;
			target = 0C9C78A7291648910021D0E3 /* Project */;
			targetProxy = 0C9C78C9291648930021D0E3 /* PBXContainerItemProxy */;
		};
/* End PBXTargetDependency section */

/* Begin PBXVariantGroup section */
		0C9C78B1291648910021D0E3 /* Main.storyboard */ = {
			isa = PBXVariantGroup;
			children = (
				0C9C78B2291648910021D0E3 /* Base */,
			);
			name = Main.storyboard;
			sourceTree = "<group>";
		};
		0C9C78B6291648930021D0E3 /* LaunchScreen.storyboard */ = {
			isa = PBXVariantGroup;
			children = (
				0C9C78B7291648930021D0E3 /* Base */,
			);
			name = LaunchScreen.storyboard;
			sourceTree = "<group>";
		};
/* End PBXVariantGroup section */

/* Begin XCBuildConfiguration section */
		0C9C78D0291648930021D0E3 /* Debug */ = {
			isa = XCBuildConfiguration;
			buildSettings = {
				ALWAYS_SEARCH_USER_PATHS = NO;
				CLANG_ANALYZER_NONNULL = YES;
				CLANG_ANALYZER_NUMBER_OBJECT_CONVERSION = YES_AGGRESSIVE;
				CLANG_CXX_LANGUAGE_STANDARD = "gnu++17";
				CLANG_ENABLE_MODULES = YES;
				CLANG_ENABLE_OBJC_ARC = YES;
				CLANG_ENABLE_OBJC_WEAK = YES;
				CLANG_WARN_BLOCK_CAPTURE_AUTORELEASING = YES;
				CLANG_WARN_BOOL_CONVERSION = YES;
				CLANG_WARN_COMMA = YES;
				CLANG_WARN_CONSTANT_CONVERSION = YES;
				CLANG_WARN_DEPRECATED_OBJC_IMPLEMENTATIONS = YES;
				CLANG_WARN_DIRECT_OBJC_ISA_USAGE = YES_ERROR;
				CLANG_WARN_DOCUMENTATION_COMMENTS = YES;
				CLANG_WARN_EMPTY_BODY = YES;
				CLANG_WARN_ENUM_CONVERSION = YES;
				CLANG_WARN_INFINITE_RECURSION = YES;
				CLANG_WARN_INT_CONVERSION = YES;
				CLANG_WARN_NON_LITERAL_NULL_CONVERSION = YES;
				CLANG_WARN_OBJC_IMPLICIT_RETAIN_SELF = YES;
				CLANG_WARN_OBJC_LITERAL_CONVERSION = YES;
				CLANG_WARN_OBJC_ROOT_CLASS = YES_ERROR;
				CLANG_WARN_QUOTED_INCLUDE_IN_FRAMEWORK_HEADER = YES;
				CLANG_WARN_RANGE_LOOP_ANALYSIS = YES;
				CLANG_WARN_STRICT_PROTOTYPES = YES;
				CLANG_WARN_SUSPICIOUS_MOVE = YES;
				CLANG_WARN_UNGUARDED_AVAILABILITY = YES_AGGRESSIVE;
				CLANG_WARN_UNREACHABLE_CODE = YES;
				CLANG_WARN__DUPLICATE_METHOD_MATCH = YES;
				COPY_PHASE_STRIP = NO;
				DEBUG_INFORMATION_FORMAT = dwarf;
				ENABLE_STRICT_OBJC_MSGSEND = YES;
				ENABLE_TESTABILITY = YES;
				GCC_C_LANGUAGE_STANDARD = gnu11;
				GCC_DYNAMIC_NO_PIC = NO;
				GCC_NO_COMMON_BLOCKS = YES;
				GCC_OPTIMIZATION_LEVEL = 0;
				GCC_PREPROCESSOR_DEFINITIONS = (
					"DEBUG=1",
					"$(inherited)",
				);
				GCC_WARN_64_TO_32_BIT_CONVERSION = YES;
				GCC_WARN_ABOUT_RETURN_TYPE = YES_ERROR;
				GCC_WARN_UNDECLARED_SELECTOR = YES;
				GCC_WARN_UNINITIALIZED_AUTOS = YES_AGGRESSIVE;
				GCC_WARN_UNUSED_FUNCTION = YES;
				GCC_WARN_UNUSED_VARIABLE = YES;
				IPHONEOS_DEPLOYMENT_TARGET = 15.5;
				MTL_ENABLE_DEBUG_INFO = INCLUDE_SOURCE;
				MTL_FAST_MATH = YES;
				ONLY_ACTIVE_ARCH = YES;
				SDKROOT = iphoneos;
				SWIFT_ACTIVE_COMPILATION_CONDITIONS = DEBUG;
				SWIFT_OPTIMIZATION_LEVEL = "-Onone";
			};
			name = Debug;
		};
		0C9C78D1291648930021D0E3 /* Release */ = {
			isa = XCBuildConfiguration;
			buildSettings = {
				ALWAYS_SEARCH_USER_PATHS = NO;
				CLANG_ANALYZER_NONNULL = YES;
				CLANG_ANALYZER_NUMBER_OBJECT_CONVERSION = YES_AGGRESSIVE;
				CLANG_CXX_LANGUAGE_STANDARD = "gnu++17";
				CLANG_ENABLE_MODULES = YES;
				CLANG_ENABLE_OBJC_ARC = YES;
				CLANG_ENABLE_OBJC_WEAK = YES;
				CLANG_WARN_BLOCK_CAPTURE_AUTORELEASING = YES;
				CLANG_WARN_BOOL_CONVERSION = YES;
				CLANG_WARN_COMMA = YES;
				CLANG_WARN_CONSTANT_CONVERSION = YES;
				CLANG_WARN_DEPRECATED_OBJC_IMPLEMENTATIONS = YES;
				CLANG_WARN_DIRECT_OBJC_ISA_USAGE = YES_ERROR;
				CLANG_WARN_DOCUMENTATION_COMMENTS = YES;
				CLANG_WARN_EMPTY_BODY = YES;
				CLANG_WARN_ENUM_CONVERSION = YES;
				CLANG_WARN_INFINITE_RECURSION = YES;
				CLANG_WARN_INT_CONVERSION = YES;
				CLANG_WARN_NON_LITERAL_NULL_CONVERSION = YES;
				CLANG_WARN_OBJC_IMPLICIT_RETAIN_SELF = YES;
				CLANG_WARN_OBJC_LITERAL_CONVERSION = YES;
				CLANG_WARN_OBJC_ROOT_CLASS = YES_ERROR;
				CLANG_WARN_QUOTED_INCLUDE_IN_FRAMEWORK_HEADER = YES;
				CLANG_WARN_RANGE_LOOP_ANALYSIS = YES;
				CLANG_WARN_STRICT_PROTOTYPES = YES;
				CLANG_WARN_SUSPICIOUS_MOVE = YES;
				CLANG_WARN_UNGUARDED_AVAILABILITY = YES_AGGRESSIVE;
				CLANG_WARN_UNREACHABLE_CODE = YES;
				CLANG_WARN__DUPLICATE_METHOD_MATCH = YES;
				COPY_PHASE_STRIP = NO;
				DEBUG_INFORMATION_FORMAT = "dwarf-with-dsym";
				ENABLE_NS_ASSERTIONS = NO;
				ENABLE_STRICT_OBJC_MSGSEND = YES;
				GCC_C_LANGUAGE_STANDARD = gnu11;
				GCC_NO_COMMON_BLOCKS = YES;
				GCC_WARN_64_TO_32_BIT_CONVERSION = YES;
				GCC_WARN_ABOUT_RETURN_TYPE = YES_ERROR;
				GCC_WARN_UNDECLARED_SELECTOR = YES;
				GCC_WARN_UNINITIALIZED_AUTOS = YES_AGGRESSIVE;
				GCC_WARN_UNUSED_FUNCTION = YES;
				GCC_WARN_UNUSED_VARIABLE = YES;
				IPHONEOS_DEPLOYMENT_TARGET = 15.5;
				MTL_ENABLE_DEBUG_INFO = NO;
				MTL_FAST_MATH = YES;
				SDKROOT = iphoneos;
				SWIFT_COMPILATION_MODE = wholemodule;
				SWIFT_OPTIMIZATION_LEVEL = "-O";
				VALIDATE_PRODUCT = YES;
			};
			name = Release;
		};
		0C9C78D3291648930021D0E3 /* Debug */ = {
			isa = XCBuildConfiguration;
			baseConfigurationReference = 1BEF72C5A63EC381179EE994 /* Pods-Project.debug.xcconfig */;
			buildSettings = {
				ALWAYS_EMBED_SWIFT_STANDARD_LIBRARIES = "$(inherited)";
				ASSETCATALOG_COMPILER_APPICON_NAME = AppIcon;
				ASSETCATALOG_COMPILER_GLOBAL_ACCENT_COLOR_NAME = AccentColor;
				CODE_SIGN_STYLE = Automatic;
				CURRENT_PROJECT_VERSION = 1;
				GENERATE_INFOPLIST_FILE = YES;
				INFOPLIST_FILE = Project/Info.plist;
				INFOPLIST_KEY_UIApplicationSupportsIndirectInputEvents = YES;
				INFOPLIST_KEY_UILaunchStoryboardName = LaunchScreen;
				INFOPLIST_KEY_UIMainStoryboardFile = Main;
				INFOPLIST_KEY_UISupportedInterfaceOrientations_iPad = "UIInterfaceOrientationPortrait UIInterfaceOrientationPortraitUpsideDown UIInterfaceOrientationLandscapeLeft UIInterfaceOrientationLandscapeRight";
				INFOPLIST_KEY_UISupportedInterfaceOrientations_iPhone = "UIInterfaceOrientationPortrait UIInterfaceOrientationLandscapeLeft UIInterfaceOrientationLandscapeRight";
				IPHONEOS_DEPLOYMENT_TARGET = 15.5;
				LD_RUNPATH_SEARCH_PATHS = (
					"$(inherited)",
					"@executable_path/Frameworks",
				);
				MARKETING_VERSION = 1.0;
				PRODUCT_BUNDLE_IDENTIFIER = Doan.Project;
				PRODUCT_NAME = "$(TARGET_NAME)";
				SWIFT_EMIT_LOC_STRINGS = YES;
				SWIFT_VERSION = 5.0;
				TARGETED_DEVICE_FAMILY = "1,2";
			};
			name = Debug;
		};
		0C9C78D4291648930021D0E3 /* Release */ = {
			isa = XCBuildConfiguration;
			baseConfigurationReference = F591F2FD6CB5DDF7B834C2F5 /* Pods-Project.release.xcconfig */;
			buildSettings = {
				ALWAYS_EMBED_SWIFT_STANDARD_LIBRARIES = "$(inherited)";
				ASSETCATALOG_COMPILER_APPICON_NAME = AppIcon;
				ASSETCATALOG_COMPILER_GLOBAL_ACCENT_COLOR_NAME = AccentColor;
				CODE_SIGN_STYLE = Automatic;
				CURRENT_PROJECT_VERSION = 1;
				GENERATE_INFOPLIST_FILE = YES;
				INFOPLIST_FILE = Project/Info.plist;
				INFOPLIST_KEY_UIApplicationSupportsIndirectInputEvents = YES;
				INFOPLIST_KEY_UILaunchStoryboardName = LaunchScreen;
				INFOPLIST_KEY_UIMainStoryboardFile = Main;
				INFOPLIST_KEY_UISupportedInterfaceOrientations_iPad = "UIInterfaceOrientationPortrait UIInterfaceOrientationPortraitUpsideDown UIInterfaceOrientationLandscapeLeft UIInterfaceOrientationLandscapeRight";
				INFOPLIST_KEY_UISupportedInterfaceOrientations_iPhone = "UIInterfaceOrientationPortrait UIInterfaceOrientationLandscapeLeft UIInterfaceOrientationLandscapeRight";
				IPHONEOS_DEPLOYMENT_TARGET = 15.5;
				LD_RUNPATH_SEARCH_PATHS = (
					"$(inherited)",
					"@executable_path/Frameworks",
				);
				MARKETING_VERSION = 1.0;
				PRODUCT_BUNDLE_IDENTIFIER = Doan.Project;
				PRODUCT_NAME = "$(TARGET_NAME)";
				SWIFT_EMIT_LOC_STRINGS = YES;
				SWIFT_VERSION = 5.0;
				TARGETED_DEVICE_FAMILY = "1,2";
			};
			name = Release;
		};
		0C9C78D6291648930021D0E3 /* Debug */ = {
			isa = XCBuildConfiguration;
			baseConfigurationReference = 4D32537EE9AB9693BB6378D0 /* Pods-ProjectTests.debug.xcconfig */;
			buildSettings = {
				ALWAYS_EMBED_SWIFT_STANDARD_LIBRARIES = "$(inherited)";
				BUNDLE_LOADER = "$(TEST_HOST)";
				CODE_SIGN_STYLE = Automatic;
				CURRENT_PROJECT_VERSION = 1;
				GENERATE_INFOPLIST_FILE = YES;
				IPHONEOS_DEPLOYMENT_TARGET = 15.5;
				MARKETING_VERSION = 1.0;
				PRODUCT_BUNDLE_IDENTIFIER = Doan.ProjectTests;
				PRODUCT_NAME = "$(TARGET_NAME)";
				SWIFT_EMIT_LOC_STRINGS = NO;
				SWIFT_VERSION = 5.0;
				TARGETED_DEVICE_FAMILY = "1,2";
				TEST_HOST = "$(BUILT_PRODUCTS_DIR)/Project.app/Project";
			};
			name = Debug;
		};
		0C9C78D7291648930021D0E3 /* Release */ = {
			isa = XCBuildConfiguration;
			baseConfigurationReference = 73585B638D1D349F79E830FB /* Pods-ProjectTests.release.xcconfig */;
			buildSettings = {
				ALWAYS_EMBED_SWIFT_STANDARD_LIBRARIES = "$(inherited)";
				BUNDLE_LOADER = "$(TEST_HOST)";
				CODE_SIGN_STYLE = Automatic;
				CURRENT_PROJECT_VERSION = 1;
				GENERATE_INFOPLIST_FILE = YES;
				IPHONEOS_DEPLOYMENT_TARGET = 15.5;
				MARKETING_VERSION = 1.0;
				PRODUCT_BUNDLE_IDENTIFIER = Doan.ProjectTests;
				PRODUCT_NAME = "$(TARGET_NAME)";
				SWIFT_EMIT_LOC_STRINGS = NO;
				SWIFT_VERSION = 5.0;
				TARGETED_DEVICE_FAMILY = "1,2";
				TEST_HOST = "$(BUILT_PRODUCTS_DIR)/Project.app/Project";
			};
			name = Release;
		};
		0C9C78D9291648930021D0E3 /* Debug */ = {
			isa = XCBuildConfiguration;
			baseConfigurationReference = E815392B021059024419F0B2 /* Pods-Project-ProjectUITests.debug.xcconfig */;
			buildSettings = {
				ALWAYS_EMBED_SWIFT_STANDARD_LIBRARIES = "$(inherited)";
				CODE_SIGN_STYLE = Automatic;
				CURRENT_PROJECT_VERSION = 1;
				GENERATE_INFOPLIST_FILE = YES;
				MARKETING_VERSION = 1.0;
				PRODUCT_BUNDLE_IDENTIFIER = Doan.ProjectUITests;
				PRODUCT_NAME = "$(TARGET_NAME)";
				SWIFT_EMIT_LOC_STRINGS = NO;
				SWIFT_VERSION = 5.0;
				TARGETED_DEVICE_FAMILY = "1,2";
				TEST_TARGET_NAME = Project;
			};
			name = Debug;
		};
		0C9C78DA291648930021D0E3 /* Release */ = {
			isa = XCBuildConfiguration;
			baseConfigurationReference = E302E771CA6F2A6BE8B5FFDE /* Pods-Project-ProjectUITests.release.xcconfig */;
			buildSettings = {
				ALWAYS_EMBED_SWIFT_STANDARD_LIBRARIES = "$(inherited)";
				CODE_SIGN_STYLE = Automatic;
				CURRENT_PROJECT_VERSION = 1;
				GENERATE_INFOPLIST_FILE = YES;
				MARKETING_VERSION = 1.0;
				PRODUCT_BUNDLE_IDENTIFIER = Doan.ProjectUITests;
				PRODUCT_NAME = "$(TARGET_NAME)";
				SWIFT_EMIT_LOC_STRINGS = NO;
				SWIFT_VERSION = 5.0;
				TARGETED_DEVICE_FAMILY = "1,2";
				TEST_TARGET_NAME = Project;
			};
			name = Release;
		};
/* End XCBuildConfiguration section */

/* Begin XCConfigurationList section */
		0C9C78A3291648910021D0E3 /* Build configuration list for PBXProject "Project" */ = {
			isa = XCConfigurationList;
			buildConfigurations = (
				0C9C78D0291648930021D0E3 /* Debug */,
				0C9C78D1291648930021D0E3 /* Release */,
			);
			defaultConfigurationIsVisible = 0;
			defaultConfigurationName = Release;
		};
		0C9C78D2291648930021D0E3 /* Build configuration list for PBXNativeTarget "Project" */ = {
			isa = XCConfigurationList;
			buildConfigurations = (
				0C9C78D3291648930021D0E3 /* Debug */,
				0C9C78D4291648930021D0E3 /* Release */,
			);
			defaultConfigurationIsVisible = 0;
			defaultConfigurationName = Release;
		};
		0C9C78D5291648930021D0E3 /* Build configuration list for PBXNativeTarget "ProjectTests" */ = {
			isa = XCConfigurationList;
			buildConfigurations = (
				0C9C78D6291648930021D0E3 /* Debug */,
				0C9C78D7291648930021D0E3 /* Release */,
			);
			defaultConfigurationIsVisible = 0;
			defaultConfigurationName = Release;
		};
		0C9C78D8291648930021D0E3 /* Build configuration list for PBXNativeTarget "ProjectUITests" */ = {
			isa = XCConfigurationList;
			buildConfigurations = (
				0C9C78D9291648930021D0E3 /* Debug */,
				0C9C78DA291648930021D0E3 /* Release */,
			);
			defaultConfigurationIsVisible = 0;
			defaultConfigurationName = Release;
		};
/* End XCConfigurationList section */
	};
	rootObject = 0C9C78A0291648910021D0E3 /* Project object */;
}
